
Microsoft Visual Studio Solution File, Format Version 12.00
# Visual Studio Version 16
VisualStudioVersion = 16.0.30406.217
MinimumVisualStudioVersion = 10.0.40219.1
Project("{FAE04EC0-301F-11D3-BF4B-00C04F79EFBC}") = "JobTracker", "JobTracker\JobTracker.csproj", "{35D81122-2598-4761-AF21-7DB9549E2400}"
EndProject
Project("{FAE04EC0-301F-11D3-BF4B-00C04F79EFBC}") = "JobTracker.Core", "JobTracker.Core\JobTracker.Core.csproj", "{2B2501DB-4D85-4AEC-874E-E8B497CBCD28}"
EndProject
Project("{FAE04EC0-301F-11D3-BF4B-00C04F79EFBC}") = "JobTracker.Data", "JobTracker.Data\JobTracker.Data.csproj", "{080E6AFA-DDCE-4B38-8AC4-CBF0FBB1E3F2}"
EndProject
Global
	GlobalSection(SolutionConfigurationPlatforms) = preSolution
		Debug|Any CPU = Debug|Any CPU
		Release|Any CPU = Release|Any CPU
	EndGlobalSection
	GlobalSection(ProjectConfigurationPlatforms) = postSolution
		{35D81122-2598-4761-AF21-7DB9549E2400}.Debug|Any CPU.ActiveCfg = Debug|Any CPU
		{35D81122-2598-4761-AF21-7DB9549E2400}.Debug|Any CPU.Build.0 = Debug|Any CPU
		{35D81122-2598-4761-AF21-7DB9549E2400}.Release|Any CPU.ActiveCfg = Release|Any CPU
		{35D81122-2598-4761-AF21-7DB9549E2400}.Release|Any CPU.Build.0 = Release|Any CPU
		{2B2501DB-4D85-4AEC-874E-E8B497CBCD28}.Debug|Any CPU.ActiveCfg = Debug|Any CPU
		{2B2501DB-4D85-4AEC-874E-E8B497CBCD28}.Debug|Any CPU.Build.0 = Debug|Any CPU
		{2B2501DB-4D85-4AEC-874E-E8B497CBCD28}.Release|Any CPU.ActiveCfg = Release|Any CPU
		{2B2501DB-4D85-4AEC-874E-E8B497CBCD28}.Release|Any CPU.Build.0 = Release|Any CPU
		{080E6AFA-DDCE-4B38-8AC4-CBF0FBB1E3F2}.Debug|Any CPU.ActiveCfg = Debug|Any CPU
		{080E6AFA-DDCE-4B38-8AC4-CBF0FBB1E3F2}.Debug|Any CPU.Build.0 = Debug|Any CPU
		{080E6AFA-DDCE-4B38-8AC4-CBF0FBB1E3F2}.Release|Any CPU.ActiveCfg = Release|Any CPU
		{080E6AFA-DDCE-4B38-8AC4-CBF0FBB1E3F2}.Release|Any CPU.Build.0 = Release|Any CPU
	EndGlobalSection
	GlobalSection(SolutionProperties) = preSolution
		HideSolutionNode = FALSE
	EndGlobalSection
	GlobalSection(ExtensibilityGlobals) = postSolution
		SolutionGuid = {697CA390-7FA9-4841-A480-7C056B00E774}
	EndGlobalSection
EndGlobal
